
Microsoft Visual Studio Solution File, Format Version 12.00
# Visual Studio 15
VisualStudioVersion = 15.0.27428.2015
MinimumVisualStudioVersion = 10.0.40219.1
Project("{FAE04EC0-301F-11D3-BF4B-00C04F79EFBC}") = "mars_rovers", "mars_rovers\mars_rovers.csproj", "{CFBBC9EF-BB51-4349-98AB-EC916310CEE4}"
EndProject
Global
	GlobalSection(SolutionConfigurationPlatforms) = preSolution
		Debug|Any CPU = Debug|Any CPU
		Release|Any CPU = Release|Any CPU
	EndGlobalSection
	GlobalSection(ProjectConfigurationPlatforms) = postSolution
		{CFBBC9EF-BB51-4349-98AB-EC916310CEE4}.Debug|Any CPU.ActiveCfg = Debug|Any CPU
		{CFBBC9EF-BB51-4349-98AB-EC916310CEE4}.Debug|Any CPU.Build.0 = Debug|Any CPU
		{CFBBC9EF-BB51-4349-98AB-EC916310CEE4}.Release|Any CPU.ActiveCfg = Release|Any CPU
		{CFBBC9EF-BB51-4349-98AB-EC916310CEE4}.Release|Any CPU.Build.0 = Release|Any CPU
	EndGlobalSection
	GlobalSection(SolutionProperties) = preSolution
		HideSolutionNode = FALSE
	EndGlobalSection
	GlobalSection(ExtensibilityGlobals) = postSolution
		SolutionGuid = {F1F0DBBB-BB54-40F2-B2FA-6D4CE56CF04B}
	EndGlobalSection
EndGlobal
