
Microsoft Visual Studio Solution File, Format Version 12.00
# Visual Studio 15
VisualStudioVersion = 15.0.27428.2015
MinimumVisualStudioVersion = 10.0.40219.1
Project("{FAE04EC0-301F-11D3-BF4B-00C04F79EFBC}") = "ConsoleApp1", "ConsoleApp1\ConsoleApp1.csproj", "{485338BC-F88E-4B56-A068-C251F7450D2F}"
EndProject
Global
	GlobalSection(SolutionConfigurationPlatforms) = preSolution
		Debug|Any CPU = Debug|Any CPU
		Release|Any CPU = Release|Any CPU
	EndGlobalSection
	GlobalSection(ProjectConfigurationPlatforms) = postSolution
		{485338BC-F88E-4B56-A068-C251F7450D2F}.Debug|Any CPU.ActiveCfg = Debug|Any CPU
		{485338BC-F88E-4B56-A068-C251F7450D2F}.Debug|Any CPU.Build.0 = Debug|Any CPU
		{485338BC-F88E-4B56-A068-C251F7450D2F}.Release|Any CPU.ActiveCfg = Release|Any CPU
		{485338BC-F88E-4B56-A068-C251F7450D2F}.Release|Any CPU.Build.0 = Release|Any CPU
	EndGlobalSection
	GlobalSection(SolutionProperties) = preSolution
		HideSolutionNode = FALSE
	EndGlobalSection
	GlobalSection(ExtensibilityGlobals) = postSolution
		SolutionGuid = {B3C517D7-B29D-4BEB-B3E8-43DFE1880F53}
	EndGlobalSection
EndGlobal
