
Microsoft Visual Studio Solution File, Format Version 12.00
# Visual Studio 15
VisualStudioVersion = 15.0.27428.2015
MinimumVisualStudioVersion = 10.0.40219.1
Project("{FAE04EC0-301F-11D3-BF4B-00C04F79EFBC}") = "backary", "backary\backary.csproj", "{2B4ADD02-E612-4C0C-8228-C6275D1C906C}"
EndProject
Global
	GlobalSection(SolutionConfigurationPlatforms) = preSolution
		Debug|Any CPU = Debug|Any CPU
		Release|Any CPU = Release|Any CPU
	EndGlobalSection
	GlobalSection(ProjectConfigurationPlatforms) = postSolution
		{2B4ADD02-E612-4C0C-8228-C6275D1C906C}.Debug|Any CPU.ActiveCfg = Debug|Any CPU
		{2B4ADD02-E612-4C0C-8228-C6275D1C906C}.Debug|Any CPU.Build.0 = Debug|Any CPU
		{2B4ADD02-E612-4C0C-8228-C6275D1C906C}.Release|Any CPU.ActiveCfg = Release|Any CPU
		{2B4ADD02-E612-4C0C-8228-C6275D1C906C}.Release|Any CPU.Build.0 = Release|Any CPU
	EndGlobalSection
	GlobalSection(SolutionProperties) = preSolution
		HideSolutionNode = FALSE
	EndGlobalSection
	GlobalSection(ExtensibilityGlobals) = postSolution
		SolutionGuid = {6FEBB24D-4005-41D8-A581-EDC62D0DB11B}
	EndGlobalSection
EndGlobal
